# THIS IS AN AUTOGENERATED FILE. DO NOT EDIT THIS FILE DIRECTLY.
# yarn lockfile v1


common-tags@^1.8.0:
  version "1.8.0"
  resolved "https://registry.yarnpkg.com/common-tags/-/common-tags-1.8.0.tgz#8e3153e542d4a39e9b10554434afaaf98956a937"
  integrity sha512-6P6g0uetGpW/sdyUy/iQQCbFF0kWVMSIVSyYz7Zgjcgh8mgw8PQzDNZeyZ5DQ2gM7LBoZPHmnjz8rUthkBG5tw==

discord.js-commando@discordjs/Commando:
  version "0.11.0-dev"
  resolved "https://codeload.github.com/discordjs/Commando/tar.gz/198d7604e3725ee88dceab9b5f296edb1b7580a5"
  dependencies:
    common-tags "^1.8.0"
    require-all "^3.0.0"

dotenv@^8.2.0:
  version "8.2.0"
  resolved "https://registry.yarnpkg.com/dotenv/-/dotenv-8.2.0.tgz#97e619259ada750eea3e4ea3e26bceea5424b16a"
  integrity sha512-8sJ78ElpbDJBHNeBzUbUVLsqKdccaa/BXF1uPTw3GrvQTBgrQrtObr2mUrE38vzYd8cEv+m/JBfDLioYcfXoaw==

require-all@^3.0.0:
  version "3.0.0"
  resolved "https://registry.yarnpkg.com/require-all/-/require-all-3.0.0.tgz#473d49704be310115ce124f77383b1ebd8671312"
  integrity sha1-Rz1JcEvjEBFc4ST3c4Ox69hnExI=
